// !$*UTF8*$!
{
	archiveVersion = 1;
	classes = {
	};
	objectVersion = 50;
	objects = {

/* Begin PBXBuildFile section */
		846FCF7B26370F18002024D3 /* AppDelegate.swift in Sources */ = {isa = PBXBuildFile; fileRef = 846FCF7A26370F18002024D3 /* AppDelegate.swift */; };
		846FCF7F26370F18002024D3 /* ViewController.swift in Sources */ = {isa = PBXBuildFile; fileRef = 846FCF7E26370F18002024D3 /* ViewController.swift */; };
		846FCF8426370F19002024D3 /* Assets.xcassets in Resources */ = {isa = PBXBuildFile; fileRef = 846FCF8326370F19002024D3 /* Assets.xcassets */; };
		846FCF8726370F19002024D3 /* LaunchScreen.storyboard in Resources */ = {isa = PBXBuildFile; fileRef = 846FCF8526370F19002024D3 /* LaunchScreen.storyboard */; };
		846FCF9F263712F9002024D3 /* UiView.swift in Sources */ = {isa = PBXBuildFile; fileRef = 846FCF97263712F9002024D3 /* UiView.swift */; };
		846FCFA0263712F9002024D3 /* Label.swift in Sources */ = {isa = PBXBuildFile; fileRef = 846FCF98263712F9002024D3 /* Label.swift */; };
		846FCFA1263712F9002024D3 /* SwitchButton.swift in Sources */ = {isa = PBXBuildFile; fileRef = 846FCF99263712F9002024D3 /* SwitchButton.swift */; };
		846FCFA2263712F9002024D3 /* ImageWithBtn.swift in Sources */ = {isa = PBXBuildFile; fileRef = 846FCF9A263712F9002024D3 /* ImageWithBtn.swift */; };
		846FCFA3263712F9002024D3 /* TextField.swift in Sources */ = {isa = PBXBuildFile; fileRef = 846FCF9B263712F9002024D3 /* TextField.swift */; };
		846FCFA4263712FA002024D3 /* ImageView.swift in Sources */ = {isa = PBXBuildFile; fileRef = 846FCF9C263712F9002024D3 /* ImageView.swift */; };
		846FCFA5263712FA002024D3 /* Button.swift in Sources */ = {isa = PBXBuildFile; fileRef = 846FCF9D263712F9002024D3 /* Button.swift */; };
		846FCFA926371304002024D3 /* Constants.swift in Sources */ = {isa = PBXBuildFile; fileRef = 846FCFA826371304002024D3 /* Constants.swift */; };
		846FCFAD26371316002024D3 /* Extension.swift in Sources */ = {isa = PBXBuildFile; fileRef = 846FCFAC26371316002024D3 /* Extension.swift */; };
		846FCFB1263713A0002024D3 /* Poppins-Bold.ttf in Resources */ = {isa = PBXBuildFile; fileRef = 846FCFB0263713A0002024D3 /* Poppins-Bold.ttf */; };
		846FCFB6263713BB002024D3 /* Poppins-Light.ttf in Resources */ = {isa = PBXBuildFile; fileRef = 846FCFB3263713BB002024D3 /* Poppins-Light.ttf */; };
		846FCFB7263713BB002024D3 /* Poppins-Medium.ttf in Resources */ = {isa = PBXBuildFile; fileRef = 846FCFB4263713BB002024D3 /* Poppins-Medium.ttf */; };
		846FCFB8263713BB002024D3 /* Poppins-Regular.ttf in Resources */ = {isa = PBXBuildFile; fileRef = 846FCFB5263713BB002024D3 /* Poppins-Regular.ttf */; };
		846FCFBD26371BF6002024D3 /* navbarView.swift in Sources */ = {isa = PBXBuildFile; fileRef = 846FCFBC26371BF6002024D3 /* navbarView.swift */; };
		84C7C8C72638852B009C452A /* Poppins-SemiBold.ttf in Resources */ = {isa = PBXBuildFile; fileRef = 84C7C8C62638852B009C452A /* Poppins-SemiBold.ttf */; };
/* End PBXBuildFile section */

/* Begin PBXFileReference section */
		846FCF7726370F18002024D3 /* Allon Pathology.app */ = {isa = PBXFileReference; explicitFileType = wrapper.application; includeInIndex = 0; path = "Allon Pathology.app"; sourceTree = BUILT_PRODUCTS_DIR; };
		846FCF7A26370F18002024D3 /* AppDelegate.swift */ = {isa = PBXFileReference; lastKnownFileType = sourcecode.swift; path = AppDelegate.swift; sourceTree = "<group>"; };
		846FCF7E26370F18002024D3 /* ViewController.swift */ = {isa = PBXFileReference; lastKnownFileType = sourcecode.swift; path = ViewController.swift; sourceTree = "<group>"; };
		846FCF8326370F19002024D3 /* Assets.xcassets */ = {isa = PBXFileReference; lastKnownFileType = folder.assetcatalog; path = Assets.xcassets; sourceTree = "<group>"; };
		846FCF8626370F19002024D3 /* Base */ = {isa = PBXFileReference; lastKnownFileType = file.storyboard; name = Base; path = Base.lproj/LaunchScreen.storyboard; sourceTree = "<group>"; };
		846FCF8826370F19002024D3 /* Info.plist */ = {isa = PBXFileReference; lastKnownFileType = text.plist.xml; path = Info.plist; sourceTree = "<group>"; };
		846FCF97263712F9002024D3 /* UiView.swift */ = {isa = PBXFileReference; fileEncoding = 4; lastKnownFileType = sourcecode.swift; path = UiView.swift; sourceTree = "<group>"; };
		846FCF98263712F9002024D3 /* Label.swift */ = {isa = PBXFileReference; fileEncoding = 4; lastKnownFileType = sourcecode.swift; path = Label.swift; sourceTree = "<group>"; };
		846FCF99263712F9002024D3 /* SwitchButton.swift */ = {isa = PBXFileReference; fileEncoding = 4; lastKnownFileType = sourcecode.swift; path = SwitchButton.swift; sourceTree = "<group>"; };
		846FCF9A263712F9002024D3 /* ImageWithBtn.swift */ = {isa = PBXFileReference; fileEncoding = 4; lastKnownFileType = sourcecode.swift; path = ImageWithBtn.swift; sourceTree = "<group>"; };
		846FCF9B263712F9002024D3 /* TextField.swift */ = {isa = PBXFileReference; fileEncoding = 4; lastKnownFileType = sourcecode.swift; path = TextField.swift; sourceTree = "<group>"; };
		846FCF9C263712F9002024D3 /* ImageView.swift */ = {isa = PBXFileReference; fileEncoding = 4; lastKnownFileType = sourcecode.swift; path = ImageView.swift; sourceTree = "<group>"; };
		846FCF9D263712F9002024D3 /* Button.swift */ = {isa = PBXFileReference; fileEncoding = 4; lastKnownFileType = sourcecode.swift; path = Button.swift; sourceTree = "<group>"; };
		846FCFA826371304002024D3 /* Constants.swift */ = {isa = PBXFileReference; fileEncoding = 4; lastKnownFileType = sourcecode.swift; path = Constants.swift; sourceTree = "<group>"; };
		846FCFAC26371316002024D3 /* Extension.swift */ = {isa = PBXFileReference; fileEncoding = 4; lastKnownFileType = sourcecode.swift; path = Extension.swift; sourceTree = "<group>"; };
		846FCFB0263713A0002024D3 /* Poppins-Bold.ttf */ = {isa = PBXFileReference; lastKnownFileType = file; path = "Poppins-Bold.ttf"; sourceTree = "<group>"; };
		846FCFB3263713BB002024D3 /* Poppins-Light.ttf */ = {isa = PBXFileReference; lastKnownFileType = file; path = "Poppins-Light.ttf"; sourceTree = "<group>"; };
		846FCFB4263713BB002024D3 /* Poppins-Medium.ttf */ = {isa = PBXFileReference; lastKnownFileType = file; path = "Poppins-Medium.ttf"; sourceTree = "<group>"; };
		846FCFB5263713BB002024D3 /* Poppins-Regular.ttf */ = {isa = PBXFileReference; lastKnownFileType = file; path = "Poppins-Regular.ttf"; sourceTree = "<group>"; };
		846FCFBC26371BF6002024D3 /* navbarView.swift */ = {isa = PBXFileReference; lastKnownFileType = sourcecode.swift; path = navbarView.swift; sourceTree = "<group>"; };
		84C7C8C62638852B009C452A /* Poppins-SemiBold.ttf */ = {isa = PBXFileReference; lastKnownFileType = file; path = "Poppins-SemiBold.ttf"; sourceTree = "<group>"; };
/* End PBXFileReference section */

/* Begin PBXFrameworksBuildPhase section */
		846FCF7426370F18002024D3 /* Frameworks */ = {
			isa = PBXFrameworksBuildPhase;
			buildActionMask = 2147483647;
			files = (
			);
			runOnlyForDeploymentPostprocessing = 0;
		};
/* End PBXFrameworksBuildPhase section */

/* Begin PBXGroup section */
		846FCF6E26370F18002024D3 = {
			isa = PBXGroup;
			children = (
				846FCF7926370F18002024D3 /* Allon Pathology */,
				846FCF7826370F18002024D3 /* Products */,
			);
			sourceTree = "<group>";
		};
		846FCF7826370F18002024D3 /* Products */ = {
			isa = PBXGroup;
			children = (
				846FCF7726370F18002024D3 /* Allon Pathology.app */,
			);
			name = Products;
			sourceTree = "<group>";
		};
		846FCF7926370F18002024D3 /* Allon Pathology */ = {
			isa = PBXGroup;
			children = (
				846FCFBB26371BCB002024D3 /* Controller */,
				846FCFBA26371BBE002024D3 /* View */,
				846FCF9126371249002024D3 /* Helper Files */,
				846FCF7A26370F18002024D3 /* AppDelegate.swift */,
				846FCF7E26370F18002024D3 /* ViewController.swift */,
				846FCFA826371304002024D3 /* Constants.swift */,
				846FCF8326370F19002024D3 /* Assets.xcassets */,
				846FCF8526370F19002024D3 /* LaunchScreen.storyboard */,
				846FCF8826370F19002024D3 /* Info.plist */,
			);
			path = "Allon Pathology";
			sourceTree = "<group>";
		};
		846FCF9126371249002024D3 /* Helper Files */ = {
			isa = PBXGroup;
			children = (
				846FCFAF26371338002024D3 /* Fonts */,
				846FCFAB26371316002024D3 /* Extension */,
				846FCF96263712F9002024D3 /* CustomControls */,
			);
			path = "Helper Files";
			sourceTree = "<group>";
		};
		846FCF96263712F9002024D3 /* CustomControls */ = {
			isa = PBXGroup;
			children = (
				846FCF97263712F9002024D3 /* UiView.swift */,
				846FCF98263712F9002024D3 /* Label.swift */,
				846FCF99263712F9002024D3 /* SwitchButton.swift */,
				846FCF9A263712F9002024D3 /* ImageWithBtn.swift */,
				846FCF9B263712F9002024D3 /* TextField.swift */,
				846FCF9C263712F9002024D3 /* ImageView.swift */,
				846FCF9D263712F9002024D3 /* Button.swift */,
				846FCFBC26371BF6002024D3 /* navbarView.swift */,
			);
			name = CustomControls;
			path = "../../../../gum_music/GUM/Helper Files/CustomControls";
			sourceTree = "<group>";
		};
		846FCFAB26371316002024D3 /* Extension */ = {
			isa = PBXGroup;
			children = (
				846FCFAC26371316002024D3 /* Extension.swift */,
			);
			path = Extension;
			sourceTree = "<group>";
		};
		846FCFAF26371338002024D3 /* Fonts */ = {
			isa = PBXGroup;
			children = (
				84C7C8C62638852B009C452A /* Poppins-SemiBold.ttf */,
				846FCFB3263713BB002024D3 /* Poppins-Light.ttf */,
				846FCFB4263713BB002024D3 /* Poppins-Medium.ttf */,
				846FCFB5263713BB002024D3 /* Poppins-Regular.ttf */,
				846FCFB0263713A0002024D3 /* Poppins-Bold.ttf */,
			);
			path = Fonts;
			sourceTree = "<group>";
		};
		846FCFBA26371BBE002024D3 /* View */ = {
			isa = PBXGroup;
			children = (
			);
			path = View;
			sourceTree = "<group>";
		};
		846FCFBB26371BCB002024D3 /* Controller */ = {
			isa = PBXGroup;
			children = (
			);
			path = Controller;
			sourceTree = "<group>";
		};
/* End PBXGroup section */

/* Begin PBXNativeTarget section */
		846FCF7626370F18002024D3 /* Allon Pathology */ = {
			isa = PBXNativeTarget;
			buildConfigurationList = 846FCF8B26370F19002024D3 /* Build configuration list for PBXNativeTarget "Allon Pathology" */;
			buildPhases = (
				846FCF7326370F18002024D3 /* Sources */,
				846FCF7426370F18002024D3 /* Frameworks */,
				846FCF7526370F18002024D3 /* Resources */,
			);
			buildRules = (
			);
			dependencies = (
			);
			name = "Allon Pathology";
			productName = "Allon Pathology";
			productReference = 846FCF7726370F18002024D3 /* Allon Pathology.app */;
			productType = "com.apple.product-type.application";
		};
/* End PBXNativeTarget section */

/* Begin PBXProject section */
		846FCF6F26370F18002024D3 /* Project object */ = {
			isa = PBXProject;
			attributes = {
				LastSwiftUpdateCheck = 1240;
				LastUpgradeCheck = 1240;
				TargetAttributes = {
					846FCF7626370F18002024D3 = {
						CreatedOnToolsVersion = 12.4;
					};
				};
			};
			buildConfigurationList = 846FCF7226370F18002024D3 /* Build configuration list for PBXProject "Allon Pathology" */;
			compatibilityVersion = "Xcode 9.3";
			developmentRegion = en;
			hasScannedForEncodings = 0;
			knownRegions = (
				en,
				Base,
			);
			mainGroup = 846FCF6E26370F18002024D3;
			productRefGroup = 846FCF7826370F18002024D3 /* Products */;
			projectDirPath = "";
			projectRoot = "";
			targets = (
				846FCF7626370F18002024D3 /* Allon Pathology */,
			);
		};
/* End PBXProject section */

/* Begin PBXResourcesBuildPhase section */
		846FCF7526370F18002024D3 /* Resources */ = {
			isa = PBXResourcesBuildPhase;
			buildActionMask = 2147483647;
			files = (
				846FCF8726370F19002024D3 /* LaunchScreen.storyboard in Resources */,
				84C7C8C72638852B009C452A /* Poppins-SemiBold.ttf in Resources */,
				846FCFB1263713A0002024D3 /* Poppins-Bold.ttf in Resources */,
				846FCF8426370F19002024D3 /* Assets.xcassets in Resources */,
				846FCFB8263713BB002024D3 /* Poppins-Regular.ttf in Resources */,
				846FCFB6263713BB002024D3 /* Poppins-Light.ttf in Resources */,
				846FCFB7263713BB002024D3 /* Poppins-Medium.ttf in Resources */,
			);
			runOnlyForDeploymentPostprocessing = 0;
		};
/* End PBXResourcesBuildPhase section */

/* Begin PBXSourcesBuildPhase section */
		846FCF7326370F18002024D3 /* Sources */ = {
			isa = PBXSourcesBuildPhase;
			buildActionMask = 2147483647;
			files = (
				846FCFA4263712FA002024D3 /* ImageView.swift in Sources */,
				846FCFA926371304002024D3 /* Constants.swift in Sources */,
				846FCF7F26370F18002024D3 /* ViewController.swift in Sources */,
				846FCFAD26371316002024D3 /* Extension.swift in Sources */,
				846FCFA1263712F9002024D3 /* SwitchButton.swift in Sources */,
				846FCFBD26371BF6002024D3 /* navbarView.swift in Sources */,
				846FCFA2263712F9002024D3 /* ImageWithBtn.swift in Sources */,
				846FCFA3263712F9002024D3 /* TextField.swift in Sources */,
				846FCF7B26370F18002024D3 /* AppDelegate.swift in Sources */,
				846FCFA0263712F9002024D3 /* Label.swift in Sources */,
				846FCFA5263712FA002024D3 /* Button.swift in Sources */,
				846FCF9F263712F9002024D3 /* UiView.swift in Sources */,
			);
			runOnlyForDeploymentPostprocessing = 0;
		};
/* End PBXSourcesBuildPhase section */

/* Begin PBXVariantGroup section */
		846FCF8526370F19002024D3 /* LaunchScreen.storyboard */ = {
			isa = PBXVariantGroup;
			children = (
				846FCF8626370F19002024D3 /* Base */,
			);
			name = LaunchScreen.storyboard;
			sourceTree = "<group>";
		};
/* End PBXVariantGroup section */

/* Begin XCBuildConfiguration section */
		846FCF8926370F19002024D3 /* Debug */ = {
			isa = XCBuildConfiguration;
			buildSettings = {
				ALWAYS_SEARCH_USER_PATHS = NO;
				CLANG_ANALYZER_NONNULL = YES;
				CLANG_ANALYZER_NUMBER_OBJECT_CONVERSION = YES_AGGRESSIVE;
				CLANG_CXX_LANGUAGE_STANDARD = "gnu++14";
				CLANG_CXX_LIBRARY = "libc++";
				CLANG_ENABLE_MODULES = YES;
				CLANG_ENABLE_OBJC_ARC = YES;
				CLANG_ENABLE_OBJC_WEAK = YES;
				CLANG_WARN_BLOCK_CAPTURE_AUTORELEASING = YES;
				CLANG_WARN_BOOL_CONVERSION = YES;
				CLANG_WARN_COMMA = YES;
				CLANG_WARN_CONSTANT_CONVERSION = YES;
				CLANG_WARN_DEPRECATED_OBJC_IMPLEMENTATIONS = YES;
				CLANG_WARN_DIRECT_OBJC_ISA_USAGE = YES_ERROR;
				CLANG_WARN_DOCUMENTATION_COMMENTS = YES;
				CLANG_WARN_EMPTY_BODY = YES;
				CLANG_WARN_ENUM_CONVERSION = YES;
				CLANG_WARN_INFINITE_RECURSION = YES;
				CLANG_WARN_INT_CONVERSION = YES;
				CLANG_WARN_NON_LITERAL_NULL_CONVERSION = YES;
				CLANG_WARN_OBJC_IMPLICIT_RETAIN_SELF = YES;
				CLANG_WARN_OBJC_LITERAL_CONVERSION = YES;
				CLANG_WARN_OBJC_ROOT_CLASS = YES_ERROR;
				CLANG_WARN_QUOTED_INCLUDE_IN_FRAMEWORK_HEADER = YES;
				CLANG_WARN_RANGE_LOOP_ANALYSIS = YES;
				CLANG_WARN_STRICT_PROTOTYPES = YES;
				CLANG_WARN_SUSPICIOUS_MOVE = YES;
				CLANG_WARN_UNGUARDED_AVAILABILITY = YES_AGGRESSIVE;
				CLANG_WARN_UNREACHABLE_CODE = YES;
				CLANG_WARN__DUPLICATE_METHOD_MATCH = YES;
				COPY_PHASE_STRIP = NO;
				DEBUG_INFORMATION_FORMAT = dwarf;
				ENABLE_STRICT_OBJC_MSGSEND = YES;
				ENABLE_TESTABILITY = YES;
				GCC_C_LANGUAGE_STANDARD = gnu11;
				GCC_DYNAMIC_NO_PIC = NO;
				GCC_NO_COMMON_BLOCKS = YES;
				GCC_OPTIMIZATION_LEVEL = 0;
				GCC_PREPROCESSOR_DEFINITIONS = (
					"DEBUG=1",
					"$(inherited)",
				);
				GCC_WARN_64_TO_32_BIT_CONVERSION = YES;
				GCC_WARN_ABOUT_RETURN_TYPE = YES_ERROR;
				GCC_WARN_UNDECLARED_SELECTOR = YES;
				GCC_WARN_UNINITIALIZED_AUTOS = YES_AGGRESSIVE;
				GCC_WARN_UNUSED_FUNCTION = YES;
				GCC_WARN_UNUSED_VARIABLE = YES;
				IPHONEOS_DEPLOYMENT_TARGET = 14.4;
				MTL_ENABLE_DEBUG_INFO = INCLUDE_SOURCE;
				MTL_FAST_MATH = YES;
				ONLY_ACTIVE_ARCH = YES;
				SDKROOT = iphoneos;
				SWIFT_ACTIVE_COMPILATION_CONDITIONS = DEBUG;
				SWIFT_OPTIMIZATION_LEVEL = "-Onone";
			};
			name = Debug;
		};
		846FCF8A26370F19002024D3 /* Release */ = {
			isa = XCBuildConfiguration;
			buildSettings = {
				ALWAYS_SEARCH_USER_PATHS = NO;
				CLANG_ANALYZER_NONNULL = YES;
				CLANG_ANALYZER_NUMBER_OBJECT_CONVERSION = YES_AGGRESSIVE;
				CLANG_CXX_LANGUAGE_STANDARD = "gnu++14";
				CLANG_CXX_LIBRARY = "libc++";
				CLANG_ENABLE_MODULES = YES;
				CLANG_ENABLE_OBJC_ARC = YES;
				CLANG_ENABLE_OBJC_WEAK = YES;
				CLANG_WARN_BLOCK_CAPTURE_AUTORELEASING = YES;
				CLANG_WARN_BOOL_CONVERSION = YES;
				CLANG_WARN_COMMA = YES;
				CLANG_WARN_CONSTANT_CONVERSION = YES;
				CLANG_WARN_DEPRECATED_OBJC_IMPLEMENTATIONS = YES;
				CLANG_WARN_DIRECT_OBJC_ISA_USAGE = YES_ERROR;
				CLANG_WARN_DOCUMENTATION_COMMENTS = YES;
				CLANG_WARN_EMPTY_BODY = YES;
				CLANG_WARN_ENUM_CONVERSION = YES;
				CLANG_WARN_INFINITE_RECURSION = YES;
				CLANG_WARN_INT_CONVERSION = YES;
				CLANG_WARN_NON_LITERAL_NULL_CONVERSION = YES;
				CLANG_WARN_OBJC_IMPLICIT_RETAIN_SELF = YES;
				CLANG_WARN_OBJC_LITERAL_CONVERSION = YES;
				CLANG_WARN_OBJC_ROOT_CLASS = YES_ERROR;
				CLANG_WARN_QUOTED_INCLUDE_IN_FRAMEWORK_HEADER = YES;
				CLANG_WARN_RANGE_LOOP_ANALYSIS = YES;
				CLANG_WARN_STRICT_PROTOTYPES = YES;
				CLANG_WARN_SUSPICIOUS_MOVE = YES;
				CLANG_WARN_UNGUARDED_AVAILABILITY = YES_AGGRESSIVE;
				CLANG_WARN_UNREACHABLE_CODE = YES;
				CLANG_WARN__DUPLICATE_METHOD_MATCH = YES;
				COPY_PHASE_STRIP = NO;
				DEBUG_INFORMATION_FORMAT = "dwarf-with-dsym";
				ENABLE_NS_ASSERTIONS = NO;
				ENABLE_STRICT_OBJC_MSGSEND = YES;
				GCC_C_LANGUAGE_STANDARD = gnu11;
				GCC_NO_COMMON_BLOCKS = YES;
				GCC_WARN_64_TO_32_BIT_CONVERSION = YES;
				GCC_WARN_ABOUT_RETURN_TYPE = YES_ERROR;
				GCC_WARN_UNDECLARED_SELECTOR = YES;
				GCC_WARN_UNINITIALIZED_AUTOS = YES_AGGRESSIVE;
				GCC_WARN_UNUSED_FUNCTION = YES;
				GCC_WARN_UNUSED_VARIABLE = YES;
				IPHONEOS_DEPLOYMENT_TARGET = 14.4;
				MTL_ENABLE_DEBUG_INFO = NO;
				MTL_FAST_MATH = YES;
				SDKROOT = iphoneos;
				SWIFT_COMPILATION_MODE = wholemodule;
				SWIFT_OPTIMIZATION_LEVEL = "-O";
				VALIDATE_PRODUCT = YES;
			};
			name = Release;
		};
		846FCF8C26370F19002024D3 /* Debug */ = {
			isa = XCBuildConfiguration;
			buildSettings = {
				ASSETCATALOG_COMPILER_APPICON_NAME = AppIcon;
				ASSETCATALOG_COMPILER_GLOBAL_ACCENT_COLOR_NAME = AccentColor;
				CODE_SIGN_STYLE = Automatic;
				DEVELOPMENT_TEAM = 7J5M5W4CUX;
				INFOPLIST_FILE = "Allon Pathology/Info.plist";
				LD_RUNPATH_SEARCH_PATHS = (
					"$(inherited)",
					"@executable_path/Frameworks",
				);
				PRODUCT_BUNDLE_IDENTIFIER = "Malik.Allon-Pathology";
				PRODUCT_NAME = "$(TARGET_NAME)";
				SWIFT_VERSION = 5.0;
				TARGETED_DEVICE_FAMILY = "1,2";
			};
			name = Debug;
		};
		846FCF8D26370F19002024D3 /* Release */ = {
			isa = XCBuildConfiguration;
			buildSettings = {
				ASSETCATALOG_COMPILER_APPICON_NAME = AppIcon;
				ASSETCATALOG_COMPILER_GLOBAL_ACCENT_COLOR_NAME = AccentColor;
				CODE_SIGN_STYLE = Automatic;
				DEVELOPMENT_TEAM = 7J5M5W4CUX;
				INFOPLIST_FILE = "Allon Pathology/Info.plist";
				LD_RUNPATH_SEARCH_PATHS = (
					"$(inherited)",
					"@executable_path/Frameworks",
				);
				PRODUCT_BUNDLE_IDENTIFIER = "Malik.Allon-Pathology";
				PRODUCT_NAME = "$(TARGET_NAME)";
				SWIFT_VERSION = 5.0;
				TARGETED_DEVICE_FAMILY = "1,2";
			};
			name = Release;
		};
/* End XCBuildConfiguration section */

/* Begin XCConfigurationList section */
		846FCF7226370F18002024D3 /* Build configuration list for PBXProject "Allon Pathology" */ = {
			isa = XCConfigurationList;
			buildConfigurations = (
				846FCF8926370F19002024D3 /* Debug */,
				846FCF8A26370F19002024D3 /* Release */,
			);
			defaultConfigurationIsVisible = 0;
			defaultConfigurationName = Release;
		};
		846FCF8B26370F19002024D3 /* Build configuration list for PBXNativeTarget "Allon Pathology" */ = {
			isa = XCConfigurationList;
			buildConfigurations = (
				846FCF8C26370F19002024D3 /* Debug */,
				846FCF8D26370F19002024D3 /* Release */,
			);
			defaultConfigurationIsVisible = 0;
			defaultConfigurationName = Release;
		};
/* End XCConfigurationList section */
	};
	rootObject = 846FCF6F26370F18002024D3 /* Project object */;
}
