// !$*UTF8*$!
{
	archiveVersion = 1;
	classes = {
	};
	objectVersion = 51;
	objects = {

/* Begin PBXBuildFile section */
		042D66ED2649B47700F93F7B /* DiseasesImagesViewController.swift in Sources */ = {isa = PBXBuildFile; fileRef = 042D66EC2649B47700F93F7B /* DiseasesImagesViewController.swift */; };
		042D66F42649B62C00F93F7B /* DiseasesImagesCollectionViewCell.swift in Sources */ = {isa = PBXBuildFile; fileRef = 042D66F32649B62C00F93F7B /* DiseasesImagesCollectionViewCell.swift */; };
		042D66F82649BB5100F93F7B /* DiseasesDetailViewController.swift in Sources */ = {isa = PBXBuildFile; fileRef = 042D66F72649BB5100F93F7B /* DiseasesDetailViewController.swift */; };
		043AD142268F492E00F76F56 /* QuizCategoryController.swift in Sources */ = {isa = PBXBuildFile; fileRef = 043AD141268F492E00F76F56 /* QuizCategoryController.swift */; };
		04444F19268703BB00091B74 /* QuizMeController.swift in Sources */ = {isa = PBXBuildFile; fileRef = 04444F18268703BB00091B74 /* QuizMeController.swift */; };
		04444F1B26870B9E00091B74 /* QuizQuestionTableViewCell.swift in Sources */ = {isa = PBXBuildFile; fileRef = 04444F1A26870B9E00091B74 /* QuizQuestionTableViewCell.swift */; };
		04444F1D26870BB200091B74 /* QuizAnsTableViewCell.swift in Sources */ = {isa = PBXBuildFile; fileRef = 04444F1C26870BB200091B74 /* QuizAnsTableViewCell.swift */; };
		04444F1F268726E800091B74 /* AnimationFactory.swift in Sources */ = {isa = PBXBuildFile; fileRef = 04444F1E268726E800091B74 /* AnimationFactory.swift */; };
		0468A03A26494ACB00F20E2D /* DiseasesListViewController.swift in Sources */ = {isa = PBXBuildFile; fileRef = 0468A03926494ACB00F20E2D /* DiseasesListViewController.swift */; };
		0468A043264954C700F20E2D /* DiseasesListTableViewCell.swift in Sources */ = {isa = PBXBuildFile; fileRef = 0468A042264954C700F20E2D /* DiseasesListTableViewCell.swift */; };
		04AC464626596EC4001D929E /* DiagnosesAlbum.swift in Sources */ = {isa = PBXBuildFile; fileRef = 04AC464526596EC4001D929E /* DiagnosesAlbum.swift */; };
		04AC464B26596F4E001D929E /* DiseaseList.swift in Sources */ = {isa = PBXBuildFile; fileRef = 04AC464A26596F4E001D929E /* DiseaseList.swift */; };
		04AC464F26596F90001D929E /* DiseaseDetail.swift in Sources */ = {isa = PBXBuildFile; fileRef = 04AC464E26596F90001D929E /* DiseaseDetail.swift */; };
		04AC465426596FD9001D929E /* ApiFactory.swift in Sources */ = {isa = PBXBuildFile; fileRef = 04AC465326596FD9001D929E /* ApiFactory.swift */; };
		04BF2E1B264AA4D8008FB445 /* CustomImageView.swift in Sources */ = {isa = PBXBuildFile; fileRef = 04BF2E1A264AA4D8008FB445 /* CustomImageView.swift */; };
		04F7CDE326888C940005D1EC /* AllData.swift in Sources */ = {isa = PBXBuildFile; fileRef = 04F7CDE226888C940005D1EC /* AllData.swift */; };
		04F7CDE5268890870005D1EC /* QuizModel.swift in Sources */ = {isa = PBXBuildFile; fileRef = 04F7CDE4268890870005D1EC /* QuizModel.swift */; };
		04F7CDE82688F5B40005D1EC /* DiaseaAlbumViewController.swift in Sources */ = {isa = PBXBuildFile; fileRef = 04F7CDE72688F5B40005D1EC /* DiaseaAlbumViewController.swift */; };
		04F7CDEA2688FE540005D1EC /* AnimationUtility.swift in Sources */ = {isa = PBXBuildFile; fileRef = 04F7CDE92688FE540005D1EC /* AnimationUtility.swift */; };
		7738FBFA2639C41A0063D6A8 /* UiView.swift in Sources */ = {isa = PBXBuildFile; fileRef = 7738FBF22639C41A0063D6A8 /* UiView.swift */; };
		7738FBFB2639C41A0063D6A8 /* Label.swift in Sources */ = {isa = PBXBuildFile; fileRef = 7738FBF32639C41A0063D6A8 /* Label.swift */; };
		7738FBFC2639C41A0063D6A8 /* SwitchButton.swift in Sources */ = {isa = PBXBuildFile; fileRef = 7738FBF42639C41A0063D6A8 /* SwitchButton.swift */; };
		7738FBFD2639C41A0063D6A8 /* ImageWithBtn.swift in Sources */ = {isa = PBXBuildFile; fileRef = 7738FBF52639C41A0063D6A8 /* ImageWithBtn.swift */; };
		7738FBFE2639C41A0063D6A8 /* TextField.swift in Sources */ = {isa = PBXBuildFile; fileRef = 7738FBF62639C41A0063D6A8 /* TextField.swift */; };
		7738FBFF2639C41A0063D6A8 /* ImageView.swift in Sources */ = {isa = PBXBuildFile; fileRef = 7738FBF72639C41A0063D6A8 /* ImageView.swift */; };
		7738FC002639C41A0063D6A8 /* Button.swift in Sources */ = {isa = PBXBuildFile; fileRef = 7738FBF82639C41A0063D6A8 /* Button.swift */; };
		7738FC072639C63A0063D6A8 /* navbarView.swift in Sources */ = {isa = PBXBuildFile; fileRef = 7738FC062639C6390063D6A8 /* navbarView.swift */; };
		7738FC0D2639C89F0063D6A8 /* DiagnosesAlbumCell.swift in Sources */ = {isa = PBXBuildFile; fileRef = 7738FC0C2639C89F0063D6A8 /* DiagnosesAlbumCell.swift */; };
		77EDAE2A263D56D000EBEAD8 /* ParentController.swift in Sources */ = {isa = PBXBuildFile; fileRef = 77EDAE29263D56D000EBEAD8 /* ParentController.swift */; };
		77EDAE2D263D614900EBEAD8 /* SideMenuController.swift in Sources */ = {isa = PBXBuildFile; fileRef = 77EDAE2C263D614900EBEAD8 /* SideMenuController.swift */; };
		77EDAE30263D7BB100EBEAD8 /* SideMenuCell.swift in Sources */ = {isa = PBXBuildFile; fileRef = 77EDAE2F263D7BB100EBEAD8 /* SideMenuCell.swift */; };
		77EDAE33263D89F500EBEAD8 /* IntroductionController.swift in Sources */ = {isa = PBXBuildFile; fileRef = 77EDAE32263D89F500EBEAD8 /* IntroductionController.swift */; };
		846FCF7B26370F18002024D3 /* AppDelegate.swift in Sources */ = {isa = PBXBuildFile; fileRef = 846FCF7A26370F18002024D3 /* AppDelegate.swift */; };
		846FCF7F26370F18002024D3 /* DashboardController.swift in Sources */ = {isa = PBXBuildFile; fileRef = 846FCF7E26370F18002024D3 /* DashboardController.swift */; };
		846FCF8426370F19002024D3 /* Assets.xcassets in Resources */ = {isa = PBXBuildFile; fileRef = 846FCF8326370F19002024D3 /* Assets.xcassets */; };
		846FCF8726370F19002024D3 /* LaunchScreen.storyboard in Resources */ = {isa = PBXBuildFile; fileRef = 846FCF8526370F19002024D3 /* LaunchScreen.storyboard */; };
		846FCFA926371304002024D3 /* Constants.swift in Sources */ = {isa = PBXBuildFile; fileRef = 846FCFA826371304002024D3 /* Constants.swift */; };
		846FCFAD26371316002024D3 /* Extension.swift in Sources */ = {isa = PBXBuildFile; fileRef = 846FCFAC26371316002024D3 /* Extension.swift */; };
		846FCFB1263713A0002024D3 /* Poppins-Bold.ttf in Resources */ = {isa = PBXBuildFile; fileRef = 846FCFB0263713A0002024D3 /* Poppins-Bold.ttf */; };
		846FCFB6263713BB002024D3 /* Poppins-Light.ttf in Resources */ = {isa = PBXBuildFile; fileRef = 846FCFB3263713BB002024D3 /* Poppins-Light.ttf */; };
		846FCFB7263713BB002024D3 /* Poppins-Medium.ttf in Resources */ = {isa = PBXBuildFile; fileRef = 846FCFB4263713BB002024D3 /* Poppins-Medium.ttf */; };
		846FCFB8263713BB002024D3 /* Poppins-Regular.ttf in Resources */ = {isa = PBXBuildFile; fileRef = 846FCFB5263713BB002024D3 /* Poppins-Regular.ttf */; };
		84C7C8C72638852B009C452A /* Poppins-SemiBold.ttf in Resources */ = {isa = PBXBuildFile; fileRef = 84C7C8C62638852B009C452A /* Poppins-SemiBold.ttf */; };
		9C22DE6D00269327EC87109F /* Pods_Allon_Pathology.framework in Frameworks */ = {isa = PBXBuildFile; fileRef = C8AF235E202C3E62EE712D0E /* Pods_Allon_Pathology.framework */; };
/* End PBXBuildFile section */

/* Begin PBXFileReference section */
		042D66EC2649B47700F93F7B /* DiseasesImagesViewController.swift */ = {isa = PBXFileReference; lastKnownFileType = sourcecode.swift; path = DiseasesImagesViewController.swift; sourceTree = "<group>"; };
		042D66F32649B62C00F93F7B /* DiseasesImagesCollectionViewCell.swift */ = {isa = PBXFileReference; lastKnownFileType = sourcecode.swift; path = DiseasesImagesCollectionViewCell.swift; sourceTree = "<group>"; };
		042D66F72649BB5100F93F7B /* DiseasesDetailViewController.swift */ = {isa = PBXFileReference; lastKnownFileType = sourcecode.swift; path = DiseasesDetailViewController.swift; sourceTree = "<group>"; };
		043AD141268F492E00F76F56 /* QuizCategoryController.swift */ = {isa = PBXFileReference; lastKnownFileType = sourcecode.swift; path = QuizCategoryController.swift; sourceTree = "<group>"; };
		04444F18268703BB00091B74 /* QuizMeController.swift */ = {isa = PBXFileReference; lastKnownFileType = sourcecode.swift; path = QuizMeController.swift; sourceTree = "<group>"; };
		04444F1A26870B9E00091B74 /* QuizQuestionTableViewCell.swift */ = {isa = PBXFileReference; lastKnownFileType = sourcecode.swift; path = QuizQuestionTableViewCell.swift; sourceTree = "<group>"; };
		04444F1C26870BB200091B74 /* QuizAnsTableViewCell.swift */ = {isa = PBXFileReference; lastKnownFileType = sourcecode.swift; path = QuizAnsTableViewCell.swift; sourceTree = "<group>"; };
		04444F1E268726E800091B74 /* AnimationFactory.swift */ = {isa = PBXFileReference; lastKnownFileType = sourcecode.swift; path = AnimationFactory.swift; sourceTree = "<group>"; };
		0468A03926494ACB00F20E2D /* DiseasesListViewController.swift */ = {isa = PBXFileReference; lastKnownFileType = sourcecode.swift; path = DiseasesListViewController.swift; sourceTree = "<group>"; };
		0468A042264954C700F20E2D /* DiseasesListTableViewCell.swift */ = {isa = PBXFileReference; lastKnownFileType = sourcecode.swift; path = DiseasesListTableViewCell.swift; sourceTree = "<group>"; };
		04AC464526596EC4001D929E /* DiagnosesAlbum.swift */ = {isa = PBXFileReference; fileEncoding = 4; lastKnownFileType = sourcecode.swift; path = DiagnosesAlbum.swift; sourceTree = "<group>"; };
		04AC464A26596F4E001D929E /* DiseaseList.swift */ = {isa = PBXFileReference; fileEncoding = 4; lastKnownFileType = sourcecode.swift; path = DiseaseList.swift; sourceTree = "<group>"; };
		04AC464E26596F90001D929E /* DiseaseDetail.swift */ = {isa = PBXFileReference; fileEncoding = 4; lastKnownFileType = sourcecode.swift; path = DiseaseDetail.swift; sourceTree = "<group>"; };
		04AC465326596FD9001D929E /* ApiFactory.swift */ = {isa = PBXFileReference; lastKnownFileType = sourcecode.swift; path = ApiFactory.swift; sourceTree = "<group>"; };
		04BF2E1A264AA4D8008FB445 /* CustomImageView.swift */ = {isa = PBXFileReference; lastKnownFileType = sourcecode.swift; path = CustomImageView.swift; sourceTree = "<group>"; };
		04F7CDE226888C940005D1EC /* AllData.swift */ = {isa = PBXFileReference; lastKnownFileType = sourcecode.swift; path = AllData.swift; sourceTree = "<group>"; };
		04F7CDE4268890870005D1EC /* QuizModel.swift */ = {isa = PBXFileReference; lastKnownFileType = sourcecode.swift; path = QuizModel.swift; sourceTree = "<group>"; };
		04F7CDE72688F5B40005D1EC /* DiaseaAlbumViewController.swift */ = {isa = PBXFileReference; lastKnownFileType = sourcecode.swift; path = DiaseaAlbumViewController.swift; sourceTree = "<group>"; };
		04F7CDE92688FE540005D1EC /* AnimationUtility.swift */ = {isa = PBXFileReference; lastKnownFileType = sourcecode.swift; path = AnimationUtility.swift; sourceTree = "<group>"; };
		7738FBF22639C41A0063D6A8 /* UiView.swift */ = {isa = PBXFileReference; fileEncoding = 4; lastKnownFileType = sourcecode.swift; path = UiView.swift; sourceTree = "<group>"; };
		7738FBF32639C41A0063D6A8 /* Label.swift */ = {isa = PBXFileReference; fileEncoding = 4; lastKnownFileType = sourcecode.swift; path = Label.swift; sourceTree = "<group>"; };
		7738FBF42639C41A0063D6A8 /* SwitchButton.swift */ = {isa = PBXFileReference; fileEncoding = 4; lastKnownFileType = sourcecode.swift; path = SwitchButton.swift; sourceTree = "<group>"; };
		7738FBF52639C41A0063D6A8 /* ImageWithBtn.swift */ = {isa = PBXFileReference; fileEncoding = 4; lastKnownFileType = sourcecode.swift; path = ImageWithBtn.swift; sourceTree = "<group>"; };
		7738FBF62639C41A0063D6A8 /* TextField.swift */ = {isa = PBXFileReference; fileEncoding = 4; lastKnownFileType = sourcecode.swift; path = TextField.swift; sourceTree = "<group>"; };
		7738FBF72639C41A0063D6A8 /* ImageView.swift */ = {isa = PBXFileReference; fileEncoding = 4; lastKnownFileType = sourcecode.swift; path = ImageView.swift; sourceTree = "<group>"; };
		7738FBF82639C41A0063D6A8 /* Button.swift */ = {isa = PBXFileReference; fileEncoding = 4; lastKnownFileType = sourcecode.swift; path = Button.swift; sourceTree = "<group>"; };
		7738FC062639C6390063D6A8 /* navbarView.swift */ = {isa = PBXFileReference; fileEncoding = 4; lastKnownFileType = sourcecode.swift; path = navbarView.swift; sourceTree = "<group>"; };
		7738FC0C2639C89F0063D6A8 /* DiagnosesAlbumCell.swift */ = {isa = PBXFileReference; lastKnownFileType = sourcecode.swift; path = DiagnosesAlbumCell.swift; sourceTree = "<group>"; };
		77EDAE29263D56D000EBEAD8 /* ParentController.swift */ = {isa = PBXFileReference; lastKnownFileType = sourcecode.swift; path = ParentController.swift; sourceTree = "<group>"; };
		77EDAE2C263D614900EBEAD8 /* SideMenuController.swift */ = {isa = PBXFileReference; lastKnownFileType = sourcecode.swift; path = SideMenuController.swift; sourceTree = "<group>"; };
		77EDAE2F263D7BB100EBEAD8 /* SideMenuCell.swift */ = {isa = PBXFileReference; lastKnownFileType = sourcecode.swift; path = SideMenuCell.swift; sourceTree = "<group>"; };
		77EDAE32263D89F500EBEAD8 /* IntroductionController.swift */ = {isa = PBXFileReference; lastKnownFileType = sourcecode.swift; path = IntroductionController.swift; sourceTree = "<group>"; };
		846FCF7726370F18002024D3 /* Allon Pathology.app */ = {isa = PBXFileReference; explicitFileType = wrapper.application; includeInIndex = 0; path = "Allon Pathology.app"; sourceTree = BUILT_PRODUCTS_DIR; };
		846FCF7A26370F18002024D3 /* AppDelegate.swift */ = {isa = PBXFileReference; lastKnownFileType = sourcecode.swift; path = AppDelegate.swift; sourceTree = "<group>"; };
		846FCF7E26370F18002024D3 /* DashboardController.swift */ = {isa = PBXFileReference; lastKnownFileType = sourcecode.swift; path = DashboardController.swift; sourceTree = "<group>"; };
		846FCF8326370F19002024D3 /* Assets.xcassets */ = {isa = PBXFileReference; lastKnownFileType = folder.assetcatalog; path = Assets.xcassets; sourceTree = "<group>"; };
		846FCF8626370F19002024D3 /* Base */ = {isa = PBXFileReference; lastKnownFileType = file.storyboard; name = Base; path = Base.lproj/LaunchScreen.storyboard; sourceTree = "<group>"; };
		846FCF8826370F19002024D3 /* Info.plist */ = {isa = PBXFileReference; lastKnownFileType = text.plist.xml; path = Info.plist; sourceTree = "<group>"; };
		846FCFA826371304002024D3 /* Constants.swift */ = {isa = PBXFileReference; fileEncoding = 4; lastKnownFileType = sourcecode.swift; path = Constants.swift; sourceTree = "<group>"; };
		846FCFAC26371316002024D3 /* Extension.swift */ = {isa = PBXFileReference; fileEncoding = 4; lastKnownFileType = sourcecode.swift; path = Extension.swift; sourceTree = "<group>"; };
		846FCFB0263713A0002024D3 /* Poppins-Bold.ttf */ = {isa = PBXFileReference; lastKnownFileType = file; path = "Poppins-Bold.ttf"; sourceTree = "<group>"; };
		846FCFB3263713BB002024D3 /* Poppins-Light.ttf */ = {isa = PBXFileReference; lastKnownFileType = file; path = "Poppins-Light.ttf"; sourceTree = "<group>"; };
		846FCFB4263713BB002024D3 /* Poppins-Medium.ttf */ = {isa = PBXFileReference; lastKnownFileType = file; path = "Poppins-Medium.ttf"; sourceTree = "<group>"; };
		846FCFB5263713BB002024D3 /* Poppins-Regular.ttf */ = {isa = PBXFileReference; lastKnownFileType = file; path = "Poppins-Regular.ttf"; sourceTree = "<group>"; };
		84C7C8C62638852B009C452A /* Poppins-SemiBold.ttf */ = {isa = PBXFileReference; lastKnownFileType = file; path = "Poppins-SemiBold.ttf"; sourceTree = "<group>"; };
		A703F3C596CBDBFBD5F11771 /* Pods-Allon Pathology.release.xcconfig */ = {isa = PBXFileReference; includeInIndex = 1; lastKnownFileType = text.xcconfig; name = "Pods-Allon Pathology.release.xcconfig"; path = "Target Support Files/Pods-Allon Pathology/Pods-Allon Pathology.release.xcconfig"; sourceTree = "<group>"; };
		C8AF235E202C3E62EE712D0E /* Pods_Allon_Pathology.framework */ = {isa = PBXFileReference; explicitFileType = wrapper.framework; includeInIndex = 0; path = Pods_Allon_Pathology.framework; sourceTree = BUILT_PRODUCTS_DIR; };
		DA412B02AD026BE0464BAD79 /* Pods-Allon Pathology.debug.xcconfig */ = {isa = PBXFileReference; includeInIndex = 1; lastKnownFileType = text.xcconfig; name = "Pods-Allon Pathology.debug.xcconfig"; path = "Target Support Files/Pods-Allon Pathology/Pods-Allon Pathology.debug.xcconfig"; sourceTree = "<group>"; };
/* End PBXFileReference section */

/* Begin PBXFrameworksBuildPhase section */
		846FCF7426370F18002024D3 /* Frameworks */ = {
			isa = PBXFrameworksBuildPhase;
			buildActionMask = 2147483647;
			files = (
				9C22DE6D00269327EC87109F /* Pods_Allon_Pathology.framework in Frameworks */,
			);
			runOnlyForDeploymentPostprocessing = 0;
		};
/* End PBXFrameworksBuildPhase section */

/* Begin PBXGroup section */
		042D66EB2649B46000F93F7B /* DiseasesImages */ = {
			isa = PBXGroup;
			children = (
				042D66EC2649B47700F93F7B /* DiseasesImagesViewController.swift */,
			);
			path = DiseasesImages;
			sourceTree = "<group>";
		};
		042D66F62649BB3A00F93F7B /* DiseaseDetail */ = {
			isa = PBXGroup;
			children = (
				042D66F72649BB5100F93F7B /* DiseasesDetailViewController.swift */,
			);
			path = DiseaseDetail;
			sourceTree = "<group>";
		};
		04444F17268703A500091B74 /* QuizMe */ = {
			isa = PBXGroup;
			children = (
				04444F18268703BB00091B74 /* QuizMeController.swift */,
				043AD141268F492E00F76F56 /* QuizCategoryController.swift */,
			);
			path = QuizMe;
			sourceTree = "<group>";
		};
		0468A03C26494ADD00F20E2D /* Introduction */ = {
			isa = PBXGroup;
			children = (
				77EDAE32263D89F500EBEAD8 /* IntroductionController.swift */,
			);
			path = Introduction;
			sourceTree = "<group>";
		};
		0468A03D26494AE700F20E2D /* Dashboard */ = {
			isa = PBXGroup;
			children = (
				846FCF7E26370F18002024D3 /* DashboardController.swift */,
			);
			path = Dashboard;
			sourceTree = "<group>";
		};
		0468A03E26494AF800F20E2D /* DiasesesList */ = {
			isa = PBXGroup;
			children = (
				0468A03926494ACB00F20E2D /* DiseasesListViewController.swift */,
			);
			path = DiasesesList;
			sourceTree = "<group>";
		};
		0468A03F26494B0300F20E2D /* Parent */ = {
			isa = PBXGroup;
			children = (
				77EDAE29263D56D000EBEAD8 /* ParentController.swift */,
			);
			path = Parent;
			sourceTree = "<group>";
		};
		04AC465226596FC7001D929E /* Api Factory */ = {
			isa = PBXGroup;
			children = (
				04AC465326596FD9001D929E /* ApiFactory.swift */,
			);
			path = "Api Factory";
			sourceTree = "<group>";
		};
		04F7CDE62688F5980005D1EC /* DiaseaAlbum */ = {
			isa = PBXGroup;
			children = (
				04F7CDE72688F5B40005D1EC /* DiaseaAlbumViewController.swift */,
			);
			path = DiaseaAlbum;
			sourceTree = "<group>";
		};
		7738FBF12639C41A0063D6A8 /* CustomControls */ = {
			isa = PBXGroup;
			children = (
				7738FBF22639C41A0063D6A8 /* UiView.swift */,
				7738FBF32639C41A0063D6A8 /* Label.swift */,
				7738FBF42639C41A0063D6A8 /* SwitchButton.swift */,
				7738FBF52639C41A0063D6A8 /* ImageWithBtn.swift */,
				7738FBF62639C41A0063D6A8 /* TextField.swift */,
				7738FBF72639C41A0063D6A8 /* ImageView.swift */,
				7738FC062639C6390063D6A8 /* navbarView.swift */,
				7738FBF82639C41A0063D6A8 /* Button.swift */,
				77EDAE2C263D614900EBEAD8 /* SideMenuController.swift */,
				04BF2E1A264AA4D8008FB445 /* CustomImageView.swift */,
			);
			path = CustomControls;
			sourceTree = "<group>";
		};
		7738FC092639C7F90063D6A8 /* Controller */ = {
			isa = PBXGroup;
			children = (
				04444F17268703A500091B74 /* QuizMe */,
				0468A03F26494B0300F20E2D /* Parent */,
				0468A03D26494AE700F20E2D /* Dashboard */,
				04F7CDE62688F5980005D1EC /* DiaseaAlbum */,
				0468A03E26494AF800F20E2D /* DiasesesList */,
				042D66F62649BB3A00F93F7B /* DiseaseDetail */,
				042D66EB2649B46000F93F7B /* DiseasesImages */,
				0468A03C26494ADD00F20E2D /* Introduction */,
			);
			path = Controller;
			sourceTree = "<group>";
		};
		7738FC0A2639C8010063D6A8 /* View */ = {
			isa = PBXGroup;
			children = (
				7738FC0C2639C89F0063D6A8 /* DiagnosesAlbumCell.swift */,
				77EDAE2F263D7BB100EBEAD8 /* SideMenuCell.swift */,
				0468A042264954C700F20E2D /* DiseasesListTableViewCell.swift */,
				042D66F32649B62C00F93F7B /* DiseasesImagesCollectionViewCell.swift */,
				04444F1A26870B9E00091B74 /* QuizQuestionTableViewCell.swift */,
				04444F1C26870BB200091B74 /* QuizAnsTableViewCell.swift */,
			);
			path = View;
			sourceTree = "<group>";
		};
		7738FC0F2639D6310063D6A8 /* Model */ = {
			isa = PBXGroup;
			children = (
				04AC464A26596F4E001D929E /* DiseaseList.swift */,
				04AC464E26596F90001D929E /* DiseaseDetail.swift */,
				04AC464526596EC4001D929E /* DiagnosesAlbum.swift */,
				04F7CDE226888C940005D1EC /* AllData.swift */,
				04F7CDE4268890870005D1EC /* QuizModel.swift */,
			);
			path = Model;
			sourceTree = "<group>";
		};
		846FCF6E26370F18002024D3 = {
			isa = PBXGroup;
			children = (
				846FCF7926370F18002024D3 /* Allon Pathology */,
				846FCF7826370F18002024D3 /* Products */,
				A969987E2D905DD80287AA43 /* Pods */,
				E8C13A7FBB03C987624490AA /* Frameworks */,
			);
			sourceTree = "<group>";
		};
		846FCF7826370F18002024D3 /* Products */ = {
			isa = PBXGroup;
			children = (
				846FCF7726370F18002024D3 /* Allon Pathology.app */,
			);
			name = Products;
			sourceTree = "<group>";
		};
		846FCF7926370F18002024D3 /* Allon Pathology */ = {
			isa = PBXGroup;
			children = (
				7738FC0F2639D6310063D6A8 /* Model */,
				7738FC0A2639C8010063D6A8 /* View */,
				7738FC092639C7F90063D6A8 /* Controller */,
				846FCF9126371249002024D3 /* Helper Files */,
				846FCF7A26370F18002024D3 /* AppDelegate.swift */,
				846FCFA826371304002024D3 /* Constants.swift */,
				846FCF8326370F19002024D3 /* Assets.xcassets */,
				846FCF8526370F19002024D3 /* LaunchScreen.storyboard */,
				846FCF8826370F19002024D3 /* Info.plist */,
			);
			path = "Allon Pathology";
			sourceTree = "<group>";
		};
		846FCF9126371249002024D3 /* Helper Files */ = {
			isa = PBXGroup;
			children = (
				04AC465226596FC7001D929E /* Api Factory */,
				7738FBF12639C41A0063D6A8 /* CustomControls */,
				846FCFAF26371338002024D3 /* Fonts */,
				846FCFAB26371316002024D3 /* Extension */,
				04444F1E268726E800091B74 /* AnimationFactory.swift */,
				04F7CDE92688FE540005D1EC /* AnimationUtility.swift */,
			);
			path = "Helper Files";
			sourceTree = "<group>";
		};
		846FCFAB26371316002024D3 /* Extension */ = {
			isa = PBXGroup;
			children = (
				846FCFAC26371316002024D3 /* Extension.swift */,
			);
			path = Extension;
			sourceTree = "<group>";
		};
		846FCFAF26371338002024D3 /* Fonts */ = {
			isa = PBXGroup;
			children = (
				84C7C8C62638852B009C452A /* Poppins-SemiBold.ttf */,
				846FCFB3263713BB002024D3 /* Poppins-Light.ttf */,
				846FCFB4263713BB002024D3 /* Poppins-Medium.ttf */,
				846FCFB5263713BB002024D3 /* Poppins-Regular.ttf */,
				846FCFB0263713A0002024D3 /* Poppins-Bold.ttf */,
			);
			path = Fonts;
			sourceTree = "<group>";
		};
		A969987E2D905DD80287AA43 /* Pods */ = {
			isa = PBXGroup;
			children = (
				DA412B02AD026BE0464BAD79 /* Pods-Allon Pathology.debug.xcconfig */,
				A703F3C596CBDBFBD5F11771 /* Pods-Allon Pathology.release.xcconfig */,
			);
			path = Pods;
			sourceTree = "<group>";
		};
		E8C13A7FBB03C987624490AA /* Frameworks */ = {
			isa = PBXGroup;
			children = (
				C8AF235E202C3E62EE712D0E /* Pods_Allon_Pathology.framework */,
			);
			name = Frameworks;
			sourceTree = "<group>";
		};
/* End PBXGroup section */

/* Begin PBXNativeTarget section */
		846FCF7626370F18002024D3 /* Allon Pathology */ = {
			isa = PBXNativeTarget;
			buildConfigurationList = 846FCF8B26370F19002024D3 /* Build configuration list for PBXNativeTarget "Allon Pathology" */;
			buildPhases = (
				CCB4EF3C08E9C0F347AFF8CD /* [CP] Check Pods Manifest.lock */,
				846FCF7326370F18002024D3 /* Sources */,
				846FCF7426370F18002024D3 /* Frameworks */,
				846FCF7526370F18002024D3 /* Resources */,
				B9E72B32B57FDA51B1D76CAE /* [CP] Embed Pods Frameworks */,
			);
			buildRules = (
			);
			dependencies = (
			);
			name = "Allon Pathology";
			productName = "Allon Pathology";
			productReference = 846FCF7726370F18002024D3 /* Allon Pathology.app */;
			productType = "com.apple.product-type.application";
		};
/* End PBXNativeTarget section */

/* Begin PBXProject section */
		846FCF6F26370F18002024D3 /* Project object */ = {
			isa = PBXProject;
			attributes = {
				LastSwiftUpdateCheck = 1240;
				LastUpgradeCheck = 1240;
				TargetAttributes = {
					846FCF7626370F18002024D3 = {
						CreatedOnToolsVersion = 12.4;
					};
				};
			};
			buildConfigurationList = 846FCF7226370F18002024D3 /* Build configuration list for PBXProject "Allon Pathology" */;
			compatibilityVersion = "Xcode 9.3";
			developmentRegion = en;
			hasScannedForEncodings = 0;
			knownRegions = (
				en,
				Base,
			);
			mainGroup = 846FCF6E26370F18002024D3;
			productRefGroup = 846FCF7826370F18002024D3 /* Products */;
			projectDirPath = "";
			projectRoot = "";
			targets = (
				846FCF7626370F18002024D3 /* Allon Pathology */,
			);
		};
/* End PBXProject section */

/* Begin PBXResourcesBuildPhase section */
		846FCF7526370F18002024D3 /* Resources */ = {
			isa = PBXResourcesBuildPhase;
			buildActionMask = 2147483647;
			files = (
				846FCF8726370F19002024D3 /* LaunchScreen.storyboard in Resources */,
				84C7C8C72638852B009C452A /* Poppins-SemiBold.ttf in Resources */,
				846FCFB1263713A0002024D3 /* Poppins-Bold.ttf in Resources */,
				846FCF8426370F19002024D3 /* Assets.xcassets in Resources */,
				846FCFB8263713BB002024D3 /* Poppins-Regular.ttf in Resources */,
				846FCFB6263713BB002024D3 /* Poppins-Light.ttf in Resources */,
				846FCFB7263713BB002024D3 /* Poppins-Medium.ttf in Resources */,
			);
			runOnlyForDeploymentPostprocessing = 0;
		};
/* End PBXResourcesBuildPhase section */

/* Begin PBXShellScriptBuildPhase section */
		B9E72B32B57FDA51B1D76CAE /* [CP] Embed Pods Frameworks */ = {
			isa = PBXShellScriptBuildPhase;
			buildActionMask = 2147483647;
			files = (
			);
			inputFileListPaths = (
				"${PODS_ROOT}/Target Support Files/Pods-Allon Pathology/Pods-Allon Pathology-frameworks-${CONFIGURATION}-input-files.xcfilelist",
			);
			name = "[CP] Embed Pods Frameworks";
			outputFileListPaths = (
				"${PODS_ROOT}/Target Support Files/Pods-Allon Pathology/Pods-Allon Pathology-frameworks-${CONFIGURATION}-output-files.xcfilelist",
			);
			runOnlyForDeploymentPostprocessing = 0;
			shellPath = /bin/sh;
			shellScript = "\"${PODS_ROOT}/Target Support Files/Pods-Allon Pathology/Pods-Allon Pathology-frameworks.sh\"\n";
			showEnvVarsInLog = 0;
		};
		CCB4EF3C08E9C0F347AFF8CD /* [CP] Check Pods Manifest.lock */ = {
			isa = PBXShellScriptBuildPhase;
			buildActionMask = 2147483647;
			files = (
			);
			inputFileListPaths = (
			);
			inputPaths = (
				"${PODS_PODFILE_DIR_PATH}/Podfile.lock",
				"${PODS_ROOT}/Manifest.lock",
			);
			name = "[CP] Check Pods Manifest.lock";
			outputFileListPaths = (
			);
			outputPaths = (
				"$(DERIVED_FILE_DIR)/Pods-Allon Pathology-checkManifestLockResult.txt",
			);
			runOnlyForDeploymentPostprocessing = 0;
			shellPath = /bin/sh;
			shellScript = "diff \"${PODS_PODFILE_DIR_PATH}/Podfile.lock\" \"${PODS_ROOT}/Manifest.lock\" > /dev/null\nif [ $? != 0 ] ; then\n    # print error to STDERR\n    echo \"error: The sandbox is not in sync with the Podfile.lock. Run 'pod install' or update your CocoaPods installation.\" >&2\n    exit 1\nfi\n# This output is used by Xcode 'outputs' to avoid re-running this script phase.\necho \"SUCCESS\" > \"${SCRIPT_OUTPUT_FILE_0}\"\n";
			showEnvVarsInLog = 0;
		};
/* End PBXShellScriptBuildPhase section */

/* Begin PBXSourcesBuildPhase section */
		846FCF7326370F18002024D3 /* Sources */ = {
			isa = PBXSourcesBuildPhase;
			buildActionMask = 2147483647;
			files = (
				7738FBFF2639C41A0063D6A8 /* ImageView.swift in Sources */,
				04BF2E1B264AA4D8008FB445 /* CustomImageView.swift in Sources */,
				77EDAE2D263D614900EBEAD8 /* SideMenuController.swift in Sources */,
				7738FBFD2639C41A0063D6A8 /* ImageWithBtn.swift in Sources */,
				042D66F42649B62C00F93F7B /* DiseasesImagesCollectionViewCell.swift in Sources */,
				04F7CDE82688F5B40005D1EC /* DiaseaAlbumViewController.swift in Sources */,
				04444F1B26870B9E00091B74 /* QuizQuestionTableViewCell.swift in Sources */,
				77EDAE33263D89F500EBEAD8 /* IntroductionController.swift in Sources */,
				04F7CDE5268890870005D1EC /* QuizModel.swift in Sources */,
				04AC465426596FD9001D929E /* ApiFactory.swift in Sources */,
				043AD142268F492E00F76F56 /* QuizCategoryController.swift in Sources */,
				846FCFA926371304002024D3 /* Constants.swift in Sources */,
				04444F1D26870BB200091B74 /* QuizAnsTableViewCell.swift in Sources */,
				04444F19268703BB00091B74 /* QuizMeController.swift in Sources */,
				04AC464F26596F90001D929E /* DiseaseDetail.swift in Sources */,
				846FCF7F26370F18002024D3 /* DashboardController.swift in Sources */,
				04AC464B26596F4E001D929E /* DiseaseList.swift in Sources */,
				04AC464626596EC4001D929E /* DiagnosesAlbum.swift in Sources */,
				7738FC072639C63A0063D6A8 /* navbarView.swift in Sources */,
				7738FBFC2639C41A0063D6A8 /* SwitchButton.swift in Sources */,
				7738FBFB2639C41A0063D6A8 /* Label.swift in Sources */,
				7738FC0D2639C89F0063D6A8 /* DiagnosesAlbumCell.swift in Sources */,
				04F7CDEA2688FE540005D1EC /* AnimationUtility.swift in Sources */,
				0468A043264954C700F20E2D /* DiseasesListTableViewCell.swift in Sources */,
				846FCFAD26371316002024D3 /* Extension.swift in Sources */,
				7738FBFE2639C41A0063D6A8 /* TextField.swift in Sources */,
				846FCF7B26370F18002024D3 /* AppDelegate.swift in Sources */,
				77EDAE2A263D56D000EBEAD8 /* ParentController.swift in Sources */,
				04444F1F268726E800091B74 /* AnimationFactory.swift in Sources */,
				7738FBFA2639C41A0063D6A8 /* UiView.swift in Sources */,
				0468A03A26494ACB00F20E2D /* DiseasesListViewController.swift in Sources */,
				04F7CDE326888C940005D1EC /* AllData.swift in Sources */,
				7738FC002639C41A0063D6A8 /* Button.swift in Sources */,
				042D66F82649BB5100F93F7B /* DiseasesDetailViewController.swift in Sources */,
				042D66ED2649B47700F93F7B /* DiseasesImagesViewController.swift in Sources */,
				77EDAE30263D7BB100EBEAD8 /* SideMenuCell.swift in Sources */,
			);
			runOnlyForDeploymentPostprocessing = 0;
		};
/* End PBXSourcesBuildPhase section */

/* Begin PBXVariantGroup section */
		846FCF8526370F19002024D3 /* LaunchScreen.storyboard */ = {
			isa = PBXVariantGroup;
			children = (
				846FCF8626370F19002024D3 /* Base */,
			);
			name = LaunchScreen.storyboard;
			sourceTree = "<group>";
		};
/* End PBXVariantGroup section */

/* Begin XCBuildConfiguration section */
		846FCF8926370F19002024D3 /* Debug */ = {
			isa = XCBuildConfiguration;
			buildSettings = {
				ALWAYS_SEARCH_USER_PATHS = NO;
				CLANG_ANALYZER_NONNULL = YES;
				CLANG_ANALYZER_NUMBER_OBJECT_CONVERSION = YES_AGGRESSIVE;
				CLANG_CXX_LANGUAGE_STANDARD = "gnu++14";
				CLANG_CXX_LIBRARY = "libc++";
				CLANG_ENABLE_MODULES = YES;
				CLANG_ENABLE_OBJC_ARC = YES;
				CLANG_ENABLE_OBJC_WEAK = YES;
				CLANG_WARN_BLOCK_CAPTURE_AUTORELEASING = YES;
				CLANG_WARN_BOOL_CONVERSION = YES;
				CLANG_WARN_COMMA = YES;
				CLANG_WARN_CONSTANT_CONVERSION = YES;
				CLANG_WARN_DEPRECATED_OBJC_IMPLEMENTATIONS = YES;
				CLANG_WARN_DIRECT_OBJC_ISA_USAGE = YES_ERROR;
				CLANG_WARN_DOCUMENTATION_COMMENTS = YES;
				CLANG_WARN_EMPTY_BODY = YES;
				CLANG_WARN_ENUM_CONVERSION = YES;
				CLANG_WARN_INFINITE_RECURSION = YES;
				CLANG_WARN_INT_CONVERSION = YES;
				CLANG_WARN_NON_LITERAL_NULL_CONVERSION = YES;
				CLANG_WARN_OBJC_IMPLICIT_RETAIN_SELF = YES;
				CLANG_WARN_OBJC_LITERAL_CONVERSION = YES;
				CLANG_WARN_OBJC_ROOT_CLASS = YES_ERROR;
				CLANG_WARN_QUOTED_INCLUDE_IN_FRAMEWORK_HEADER = YES;
				CLANG_WARN_RANGE_LOOP_ANALYSIS = YES;
				CLANG_WARN_STRICT_PROTOTYPES = YES;
				CLANG_WARN_SUSPICIOUS_MOVE = YES;
				CLANG_WARN_UNGUARDED_AVAILABILITY = YES_AGGRESSIVE;
				CLANG_WARN_UNREACHABLE_CODE = YES;
				CLANG_WARN__DUPLICATE_METHOD_MATCH = YES;
				COPY_PHASE_STRIP = NO;
				DEBUG_INFORMATION_FORMAT = dwarf;
				ENABLE_STRICT_OBJC_MSGSEND = YES;
				ENABLE_TESTABILITY = YES;
				GCC_C_LANGUAGE_STANDARD = gnu11;
				GCC_DYNAMIC_NO_PIC = NO;
				GCC_NO_COMMON_BLOCKS = YES;
				GCC_OPTIMIZATION_LEVEL = 0;
				GCC_PREPROCESSOR_DEFINITIONS = (
					"DEBUG=1",
					"$(inherited)",
				);
				GCC_WARN_64_TO_32_BIT_CONVERSION = YES;
				GCC_WARN_ABOUT_RETURN_TYPE = YES_ERROR;
				GCC_WARN_UNDECLARED_SELECTOR = YES;
				GCC_WARN_UNINITIALIZED_AUTOS = YES_AGGRESSIVE;
				GCC_WARN_UNUSED_FUNCTION = YES;
				GCC_WARN_UNUSED_VARIABLE = YES;
				IPHONEOS_DEPLOYMENT_TARGET = 14.4;
				MTL_ENABLE_DEBUG_INFO = INCLUDE_SOURCE;
				MTL_FAST_MATH = YES;
				ONLY_ACTIVE_ARCH = YES;
				SDKROOT = iphoneos;
				SWIFT_ACTIVE_COMPILATION_CONDITIONS = DEBUG;
				SWIFT_OPTIMIZATION_LEVEL = "-Onone";
			};
			name = Debug;
		};
		846FCF8A26370F19002024D3 /* Release */ = {
			isa = XCBuildConfiguration;
			buildSettings = {
				ALWAYS_SEARCH_USER_PATHS = NO;
				CLANG_ANALYZER_NONNULL = YES;
				CLANG_ANALYZER_NUMBER_OBJECT_CONVERSION = YES_AGGRESSIVE;
				CLANG_CXX_LANGUAGE_STANDARD = "gnu++14";
				CLANG_CXX_LIBRARY = "libc++";
				CLANG_ENABLE_MODULES = YES;
				CLANG_ENABLE_OBJC_ARC = YES;
				CLANG_ENABLE_OBJC_WEAK = YES;
				CLANG_WARN_BLOCK_CAPTURE_AUTORELEASING = YES;
				CLANG_WARN_BOOL_CONVERSION = YES;
				CLANG_WARN_COMMA = YES;
				CLANG_WARN_CONSTANT_CONVERSION = YES;
				CLANG_WARN_DEPRECATED_OBJC_IMPLEMENTATIONS = YES;
				CLANG_WARN_DIRECT_OBJC_ISA_USAGE = YES_ERROR;
				CLANG_WARN_DOCUMENTATION_COMMENTS = YES;
				CLANG_WARN_EMPTY_BODY = YES;
				CLANG_WARN_ENUM_CONVERSION = YES;
				CLANG_WARN_INFINITE_RECURSION = YES;
				CLANG_WARN_INT_CONVERSION = YES;
				CLANG_WARN_NON_LITERAL_NULL_CONVERSION = YES;
				CLANG_WARN_OBJC_IMPLICIT_RETAIN_SELF = YES;
				CLANG_WARN_OBJC_LITERAL_CONVERSION = YES;
				CLANG_WARN_OBJC_ROOT_CLASS = YES_ERROR;
				CLANG_WARN_QUOTED_INCLUDE_IN_FRAMEWORK_HEADER = YES;
				CLANG_WARN_RANGE_LOOP_ANALYSIS = YES;
				CLANG_WARN_STRICT_PROTOTYPES = YES;
				CLANG_WARN_SUSPICIOUS_MOVE = YES;
				CLANG_WARN_UNGUARDED_AVAILABILITY = YES_AGGRESSIVE;
				CLANG_WARN_UNREACHABLE_CODE = YES;
				CLANG_WARN__DUPLICATE_METHOD_MATCH = YES;
				COPY_PHASE_STRIP = NO;
				DEBUG_INFORMATION_FORMAT = "dwarf-with-dsym";
				ENABLE_NS_ASSERTIONS = NO;
				ENABLE_STRICT_OBJC_MSGSEND = YES;
				GCC_C_LANGUAGE_STANDARD = gnu11;
				GCC_NO_COMMON_BLOCKS = YES;
				GCC_WARN_64_TO_32_BIT_CONVERSION = YES;
				GCC_WARN_ABOUT_RETURN_TYPE = YES_ERROR;
				GCC_WARN_UNDECLARED_SELECTOR = YES;
				GCC_WARN_UNINITIALIZED_AUTOS = YES_AGGRESSIVE;
				GCC_WARN_UNUSED_FUNCTION = YES;
				GCC_WARN_UNUSED_VARIABLE = YES;
				IPHONEOS_DEPLOYMENT_TARGET = 14.4;
				MTL_ENABLE_DEBUG_INFO = NO;
				MTL_FAST_MATH = YES;
				SDKROOT = iphoneos;
				SWIFT_COMPILATION_MODE = wholemodule;
				SWIFT_OPTIMIZATION_LEVEL = "-O";
				VALIDATE_PRODUCT = YES;
			};
			name = Release;
		};
		846FCF8C26370F19002024D3 /* Debug */ = {
			isa = XCBuildConfiguration;
			baseConfigurationReference = DA412B02AD026BE0464BAD79 /* Pods-Allon Pathology.debug.xcconfig */;
			buildSettings = {
				ASSETCATALOG_COMPILER_APPICON_NAME = AppIcon;
				ASSETCATALOG_COMPILER_GLOBAL_ACCENT_COLOR_NAME = AccentColor;
				CODE_SIGN_STYLE = Automatic;
				DEVELOPMENT_TEAM = 4BQR3687MA;
				INFOPLIST_FILE = "Allon Pathology/Info.plist";
				LD_RUNPATH_SEARCH_PATHS = (
					"$(inherited)",
					"@executable_path/Frameworks",
				);
				PRODUCT_BUNDLE_IDENTIFIER = "Malik.Allon-Pathology";
				PRODUCT_NAME = "$(TARGET_NAME)";
				SWIFT_VERSION = 5.0;
				TARGETED_DEVICE_FAMILY = "1,2";
			};
			name = Debug;
		};
		846FCF8D26370F19002024D3 /* Release */ = {
			isa = XCBuildConfiguration;
			baseConfigurationReference = A703F3C596CBDBFBD5F11771 /* Pods-Allon Pathology.release.xcconfig */;
			buildSettings = {
				ASSETCATALOG_COMPILER_APPICON_NAME = AppIcon;
				ASSETCATALOG_COMPILER_GLOBAL_ACCENT_COLOR_NAME = AccentColor;
				CODE_SIGN_STYLE = Automatic;
				DEVELOPMENT_TEAM = 4BQR3687MA;
				INFOPLIST_FILE = "Allon Pathology/Info.plist";
				LD_RUNPATH_SEARCH_PATHS = (
					"$(inherited)",
					"@executable_path/Frameworks",
				);
				PRODUCT_BUNDLE_IDENTIFIER = "Malik.Allon-Pathology";
				PRODUCT_NAME = "$(TARGET_NAME)";
				SWIFT_VERSION = 5.0;
				TARGETED_DEVICE_FAMILY = "1,2";
			};
			name = Release;
		};
/* End XCBuildConfiguration section */

/* Begin XCConfigurationList section */
		846FCF7226370F18002024D3 /* Build configuration list for PBXProject "Allon Pathology" */ = {
			isa = XCConfigurationList;
			buildConfigurations = (
				846FCF8926370F19002024D3 /* Debug */,
				846FCF8A26370F19002024D3 /* Release */,
			);
			defaultConfigurationIsVisible = 0;
			defaultConfigurationName = Release;
		};
		846FCF8B26370F19002024D3 /* Build configuration list for PBXNativeTarget "Allon Pathology" */ = {
			isa = XCConfigurationList;
			buildConfigurations = (
				846FCF8C26370F19002024D3 /* Debug */,
				846FCF8D26370F19002024D3 /* Release */,
			);
			defaultConfigurationIsVisible = 0;
			defaultConfigurationName = Release;
		};
/* End XCConfigurationList section */
	};
	rootObject = 846FCF6F26370F18002024D3 /* Project object */;
}
